
Microsoft Visual Studio Solution File, Format Version 12.00
# Visual Studio 15
Project("{FAE04EC0-301F-11D3-BF4B-00C04F79EFBC}") = "Assembly-CSharp", "Assembly-CSharp.csproj", "{0FA34EAA-8A53-CED8-FB83-8D1641B3FB1C}"
EndProject
Project("{FAE04EC0-301F-11D3-BF4B-00C04F79EFBC}") = "Assembly-CSharp-Editor", "Assembly-CSharp-Editor.csproj", "{44A69D61-30AC-B3A9-0A61-D15771133E3D}"
EndProject
Global
	GlobalSection(SolutionConfigurationPlatforms) = preSolution
		Debug|Any CPU = Debug|Any CPU
		Release|Any CPU = Release|Any CPU
	EndGlobalSection
	GlobalSection(ProjectConfigurationPlatforms) = postSolution
		{0FA34EAA-8A53-CED8-FB83-8D1641B3FB1C}.Debug|Any CPU.ActiveCfg = Debug|Any CPU
		{0FA34EAA-8A53-CED8-FB83-8D1641B3FB1C}.Debug|Any CPU.Build.0 = Debug|Any CPU
		{0FA34EAA-8A53-CED8-FB83-8D1641B3FB1C}.Release|Any CPU.ActiveCfg = Release|Any CPU
		{0FA34EAA-8A53-CED8-FB83-8D1641B3FB1C}.Release|Any CPU.Build.0 = Release|Any CPU
		{44A69D61-30AC-B3A9-0A61-D15771133E3D}.Debug|Any CPU.ActiveCfg = Debug|Any CPU
		{44A69D61-30AC-B3A9-0A61-D15771133E3D}.Debug|Any CPU.Build.0 = Debug|Any CPU
		{44A69D61-30AC-B3A9-0A61-D15771133E3D}.Release|Any CPU.ActiveCfg = Release|Any CPU
		{44A69D61-30AC-B3A9-0A61-D15771133E3D}.Release|Any CPU.Build.0 = Release|Any CPU
	EndGlobalSection
	GlobalSection(SolutionProperties) = preSolution
		HideSolutionNode = FALSE
	EndGlobalSection
EndGlobal
